Microsoft Visual Studio Solution File, Format Version 12.00
# Visual Studio 2013
VisualStudioVersion = 12.0.21005.1
MinimumVisualStudioVersion = 10.0.40219.1
Project("{656346D9-4656-40DA-A068-22D5425D4639}") = "Steps", "Steps.oxygene", "{C802B246-D7E1-4E34-8673-595519830CFC}"
EndProject
Global
	GlobalSection(SolutionConfigurationPlatforms) = preSolution
		Debug|AnyCPU = Debug|AnyCPU
		Release|AnyCPU = Release|AnyCPU
	EndGlobalSection
	GlobalSection(ProjectConfigurationPlatforms) = postSolution
		{C802B246-D7E1-4E34-8673-595519830CFC}.Debug|AnyCPU.ActiveCfg = Debug
		{C802B246-D7E1-4E34-8673-595519830CFC}.Debug|AnyCPU.Build.0 = Debug
		{C802B246-D7E1-4E34-8673-595519830CFC}.Release|AnyCPU.ActiveCfg = Release
		{C802B246-D7E1-4E34-8673-595519830CFC}.Release|AnyCPU.Build.0 = Release
	EndGlobalSection
	GlobalSection(SolutionProperties) = preSolution
		HideSolutionNode = FALSE
	EndGlobalSection
EndGlobal
